
Microsoft Visual Studio Solution File, Format Version 12.00
# Visual Studio Version 16
VisualStudioVersion = 16.0.31624.102
MinimumVisualStudioVersion = 10.0.40219.1
Project("{FAE04EC0-301F-11D3-BF4B-00C04F79EFBC}") = "Opgave1UnitTestPeter", "Opgave1UnitTestPeter\Opgave1UnitTestPeter.csproj", "{156DB447-458C-472D-8967-13A3CEB93A7B}"
EndProject
Project("{FAE04EC0-301F-11D3-BF4B-00C04F79EFBC}") = "Opgave1UnitTestPeterTests", "Opgave1UnitTestPeterTests\Opgave1UnitTestPeterTests.csproj", "{37FE612B-7605-4DFF-9F1A-441DB7694F93}"
EndProject
Global
	GlobalSection(SolutionConfigurationPlatforms) = preSolution
		Debug|Any CPU = Debug|Any CPU
		Release|Any CPU = Release|Any CPU
	EndGlobalSection
	GlobalSection(ProjectConfigurationPlatforms) = postSolution
		{156DB447-458C-472D-8967-13A3CEB93A7B}.Debug|Any CPU.ActiveCfg = Debug|Any CPU
		{156DB447-458C-472D-8967-13A3CEB93A7B}.Debug|Any CPU.Build.0 = Debug|Any CPU
		{156DB447-458C-472D-8967-13A3CEB93A7B}.Release|Any CPU.ActiveCfg = Release|Any CPU
		{156DB447-458C-472D-8967-13A3CEB93A7B}.Release|Any CPU.Build.0 = Release|Any CPU
		{37FE612B-7605-4DFF-9F1A-441DB7694F93}.Debug|Any CPU.ActiveCfg = Debug|Any CPU
		{37FE612B-7605-4DFF-9F1A-441DB7694F93}.Debug|Any CPU.Build.0 = Debug|Any CPU
		{37FE612B-7605-4DFF-9F1A-441DB7694F93}.Release|Any CPU.ActiveCfg = Release|Any CPU
		{37FE612B-7605-4DFF-9F1A-441DB7694F93}.Release|Any CPU.Build.0 = Release|Any CPU
	EndGlobalSection
	GlobalSection(SolutionProperties) = preSolution
		HideSolutionNode = FALSE
	EndGlobalSection
	GlobalSection(ExtensibilityGlobals) = postSolution
		SolutionGuid = {E9940E4F-29F4-4C47-B1CA-CAF8A46E7510}
	EndGlobalSection
EndGlobal
